// !$*UTF8*$!
{
	archiveVersion = 1;
	classes = {
	};
	objectVersion = 46;
	objects = {

/* Begin PBXBuildFile section */
		843292B51C580D5B003F08E8 /* AppDelegate.m in Sources */ = {isa = PBXBuildFile; fileRef = 843292B41C580D5B003F08E8 /* AppDelegate.m */; };
		843292B81C580D5B003F08E8 /* main.m in Sources */ = {isa = PBXBuildFile; fileRef = 843292B71C580D5B003F08E8 /* main.m */; };
		843292BB1C580D5B003F08E8 /* ViewController.m in Sources */ = {isa = PBXBuildFile; fileRef = 843292BA1C580D5B003F08E8 /* ViewController.m */; };
		843292BD1C580D5B003F08E8 /* Assets.xcassets in Resources */ = {isa = PBXBuildFile; fileRef = 843292BC1C580D5B003F08E8 /* Assets.xcassets */; };
		843292C01C580D5B003F08E8 /* Main.storyboard in Resources */ = {isa = PBXBuildFile; fileRef = 843292BE1C580D5B003F08E8 /* Main.storyboard */; };
		843292CB1C580D5B003F08E8 /* TempAndFanMonitorTests.m in Sources */ = {isa = PBXBuildFile; fileRef = 843292CA1C580D5B003F08E8 /* TempAndFanMonitorTests.m */; };
		843292D61C580D5B003F08E8 /* TempAndFanMonitorUITests.m in Sources */ = {isa = PBXBuildFile; fileRef = 843292D51C580D5B003F08E8 /* TempAndFanMonitorUITests.m */; };
		843292EA1C580D78003F08E8 /* NotificationCenter.framework in Frameworks */ = {isa = PBXBuildFile; fileRef = 843292E91C580D78003F08E8 /* NotificationCenter.framework */; };
		843292F01C580D78003F08E8 /* TodayViewController.m in Sources */ = {isa = PBXBuildFile; fileRef = 843292EF1C580D78003F08E8 /* TodayViewController.m */; };
		843292F31C580D78003F08E8 /* TodayViewController.xib in Resources */ = {isa = PBXBuildFile; fileRef = 843292F11C580D78003F08E8 /* TodayViewController.xib */; };
		843292F71C580D78003F08E8 /* InfoPlist.strings in Resources */ = {isa = PBXBuildFile; fileRef = 843292F51C580D78003F08E8 /* InfoPlist.strings */; };
		843292FA1C580D78003F08E8 /* Fanny.appex in Embed App Extensions */ = {isa = PBXBuildFile; fileRef = 843292E71C580D78003F08E8 /* Fanny.appex */; settings = {ATTRIBUTES = (RemoveHeadersOnCopy, ); }; };
		843293031C580DE0003F08E8 /* SMCWrapper.m in Sources */ = {isa = PBXBuildFile; fileRef = 843293021C580DE0003F08E8 /* SMCWrapper.m */; };
		843293041C580DE0003F08E8 /* SMCWrapper.m in Sources */ = {isa = PBXBuildFile; fileRef = 843293021C580DE0003F08E8 /* SMCWrapper.m */; };
		8466115D1C5B0B09002B54EA /* icon1024.png in Resources */ = {isa = PBXBuildFile; fileRef = 8466115C1C5B0B09002B54EA /* icon1024.png */; };
		84A5CC8A1C7BF9CD003ED24A /* fanIcon.png in Resources */ = {isa = PBXBuildFile; fileRef = 84A5CC891C7BF9CD003ED24A /* fanIcon.png */; };
/* End PBXBuildFile section */

/* Begin PBXContainerItemProxy section */
		843292C71C580D5B003F08E8 /* PBXContainerItemProxy */ = {
			isa = PBXContainerItemProxy;
			containerPortal = 843292A81C580D5B003F08E8 /* Project object */;
			proxyType = 1;
			remoteGlobalIDString = 843292AF1C580D5B003F08E8;
			remoteInfo = TempAndFanMonitor;
		};
		843292D21C580D5B003F08E8 /* PBXContainerItemProxy */ = {
			isa = PBXContainerItemProxy;
			containerPortal = 843292A81C580D5B003F08E8 /* Project object */;
			proxyType = 1;
			remoteGlobalIDString = 843292AF1C580D5B003F08E8;
			remoteInfo = TempAndFanMonitor;
		};
		843292F81C580D78003F08E8 /* PBXContainerItemProxy */ = {
			isa = PBXContainerItemProxy;
			containerPortal = 843292A81C580D5B003F08E8 /* Project object */;
			proxyType = 1;
			remoteGlobalIDString = 843292E61C580D78003F08E8;
			remoteInfo = TempAndFanMonitorWidget;
		};
/* End PBXContainerItemProxy section */

/* Begin PBXCopyFilesBuildPhase section */
		843292FE1C580D78003F08E8 /* Embed App Extensions */ = {
			isa = PBXCopyFilesBuildPhase;
			buildActionMask = 2147483647;
			dstPath = "";
			dstSubfolderSpec = 13;
			files = (
				843292FA1C580D78003F08E8 /* Fanny.appex in Embed App Extensions */,
			);
			name = "Embed App Extensions";
			runOnlyForDeploymentPostprocessing = 0;
		};
/* End PBXCopyFilesBuildPhase section */

/* Begin PBXFileReference section */
		843292B01C580D5B003F08E8 /* Fanny.app */ = {isa = PBXFileReference; explicitFileType = wrapper.application; includeInIndex = 0; path = Fanny.app; sourceTree = BUILT_PRODUCTS_DIR; };
		843292B31C580D5B003F08E8 /* AppDelegate.h */ = {isa = PBXFileReference; lastKnownFileType = sourcecode.c.h; path = AppDelegate.h; sourceTree = "<group>"; };
		843292B41C580D5B003F08E8 /* AppDelegate.m */ = {isa = PBXFileReference; lastKnownFileType = sourcecode.c.objc; path = AppDelegate.m; sourceTree = "<group>"; };
		843292B71C580D5B003F08E8 /* main.m */ = {isa = PBXFileReference; lastKnownFileType = sourcecode.c.objc; path = main.m; sourceTree = "<group>"; };
		843292B91C580D5B003F08E8 /* ViewController.h */ = {isa = PBXFileReference; lastKnownFileType = sourcecode.c.h; path = ViewController.h; sourceTree = "<group>"; };
		843292BA1C580D5B003F08E8 /* ViewController.m */ = {isa = PBXFileReference; lastKnownFileType = sourcecode.c.objc; path = ViewController.m; sourceTree = "<group>"; };
		843292BC1C580D5B003F08E8 /* Assets.xcassets */ = {isa = PBXFileReference; lastKnownFileType = folder.assetcatalog; path = Assets.xcassets; sourceTree = "<group>"; };
		843292BF1C580D5B003F08E8 /* Base */ = {isa = PBXFileReference; lastKnownFileType = file.storyboard; name = Base; path = Base.lproj/Main.storyboard; sourceTree = "<group>"; };
		843292C11C580D5B003F08E8 /* Info.plist */ = {isa = PBXFileReference; lastKnownFileType = text.plist.xml; path = Info.plist; sourceTree = "<group>"; };
		843292C61C580D5B003F08E8 /* Fanny.xctest */ = {isa = PBXFileReference; explicitFileType = wrapper.cfbundle; includeInIndex = 0; path = Fanny.xctest; sourceTree = BUILT_PRODUCTS_DIR; };
		843292CA1C580D5B003F08E8 /* TempAndFanMonitorTests.m */ = {isa = PBXFileReference; lastKnownFileType = sourcecode.c.objc; path = TempAndFanMonitorTests.m; sourceTree = "<group>"; };
		843292CC1C580D5B003F08E8 /* Info.plist */ = {isa = PBXFileReference; lastKnownFileType = text.plist.xml; path = Info.plist; sourceTree = "<group>"; };
		843292D11C580D5B003F08E8 /* Fanny.xctest */ = {isa = PBXFileReference; explicitFileType = wrapper.cfbundle; includeInIndex = 0; path = Fanny.xctest; sourceTree = BUILT_PRODUCTS_DIR; };
		843292D51C580D5B003F08E8 /* TempAndFanMonitorUITests.m */ = {isa = PBXFileReference; lastKnownFileType = sourcecode.c.objc; path = TempAndFanMonitorUITests.m; sourceTree = "<group>"; };
		843292D71C580D5C003F08E8 /* Info.plist */ = {isa = PBXFileReference; lastKnownFileType = text.plist.xml; path = Info.plist; sourceTree = "<group>"; };
		843292E71C580D78003F08E8 /* Fanny.appex */ = {isa = PBXFileReference; explicitFileType = "wrapper.app-extension"; includeInIndex = 0; path = Fanny.appex; sourceTree = BUILT_PRODUCTS_DIR; };
		843292E91C580D78003F08E8 /* NotificationCenter.framework */ = {isa = PBXFileReference; lastKnownFileType = wrapper.framework; name = NotificationCenter.framework; path = System/Library/Frameworks/NotificationCenter.framework; sourceTree = SDKROOT; };
		843292ED1C580D78003F08E8 /* FannyWidget.entitlements */ = {isa = PBXFileReference; lastKnownFileType = text.xml; path = FannyWidget.entitlements; sourceTree = "<group>"; };
		843292EE1C580D78003F08E8 /* TodayViewController.h */ = {isa = PBXFileReference; lastKnownFileType = sourcecode.c.h; path = TodayViewController.h; sourceTree = "<group>"; };
		843292EF1C580D78003F08E8 /* TodayViewController.m */ = {isa = PBXFileReference; lastKnownFileType = sourcecode.c.objc; path = TodayViewController.m; sourceTree = "<group>"; };
		843292F21C580D78003F08E8 /* Base */ = {isa = PBXFileReference; lastKnownFileType = file.xib; name = Base; path = Base.lproj/TodayViewController.xib; sourceTree = "<group>"; };
		843292F41C580D78003F08E8 /* Info.plist */ = {isa = PBXFileReference; lastKnownFileType = text.plist.xml; path = Info.plist; sourceTree = "<group>"; };
		843292F61C580D78003F08E8 /* en */ = {isa = PBXFileReference; lastKnownFileType = text.plist.strings; name = en; path = en.lproj/InfoPlist.strings; sourceTree = "<group>"; };
		843293001C580DE0003F08E8 /* smc.h */ = {isa = PBXFileReference; fileEncoding = 4; lastKnownFileType = sourcecode.c.h; path = smc.h; sourceTree = "<group>"; };
		843293011C580DE0003F08E8 /* SMCWrapper.h */ = {isa = PBXFileReference; fileEncoding = 4; lastKnownFileType = sourcecode.c.h; path = SMCWrapper.h; sourceTree = "<group>"; };
		843293021C580DE0003F08E8 /* SMCWrapper.m */ = {isa = PBXFileReference; fileEncoding = 4; lastKnownFileType = sourcecode.c.objc; path = SMCWrapper.m; sourceTree = "<group>"; };
		843293071C581DF7003F08E8 /* Fanny.entitlements */ = {isa = PBXFileReference; lastKnownFileType = text.xml; path = Fanny.entitlements; sourceTree = "<group>"; };
		8466115C1C5B0B09002B54EA /* icon1024.png */ = {isa = PBXFileReference; lastKnownFileType = image.png; path = icon1024.png; sourceTree = "<group>"; };
		849479001C612FAD00CCCF83 /* README.md */ = {isa = PBXFileReference; lastKnownFileType = net.daringfireball.markdown; path = README.md; sourceTree = "<group>"; };
		84A5CC891C7BF9CD003ED24A /* fanIcon.png */ = {isa = PBXFileReference; lastKnownFileType = image.png; path = fanIcon.png; sourceTree = "<group>"; };
/* End PBXFileReference section */

/* Begin PBXFrameworksBuildPhase section */
		843292AD1C580D5B003F08E8 /* Frameworks */ = {
			isa = PBXFrameworksBuildPhase;
			buildActionMask = 2147483647;
			files = (
			);
			runOnlyForDeploymentPostprocessing = 0;
		};
		843292C31C580D5B003F08E8 /* Frameworks */ = {
			isa = PBXFrameworksBuildPhase;
			buildActionMask = 2147483647;
			files = (
			);
			runOnlyForDeploymentPostprocessing = 0;
		};
		843292CE1C580D5B003F08E8 /* Frameworks */ = {
			isa = PBXFrameworksBuildPhase;
			buildActionMask = 2147483647;
			files = (
			);
			runOnlyForDeploymentPostprocessing = 0;
		};
		843292E41C580D78003F08E8 /* Frameworks */ = {
			isa = PBXFrameworksBuildPhase;
			buildActionMask = 2147483647;
			files = (
				843292EA1C580D78003F08E8 /* NotificationCenter.framework in Frameworks */,
			);
			runOnlyForDeploymentPostprocessing = 0;
		};
/* End PBXFrameworksBuildPhase section */

/* Begin PBXGroup section */
		843292A71C580D5B003F08E8 = {
			isa = PBXGroup;
			children = (
				849479001C612FAD00CCCF83 /* README.md */,
				843292FF1C580DE0003F08E8 /* SMCWrapper */,
				843292EB1C580D78003F08E8 /* FannyWidget */,
				843292B21C580D5B003F08E8 /* Fanny */,
				843292E81C580D78003F08E8 /* Frameworks */,
				843292D41C580D5B003F08E8 /* FannyUITests */,
				843292C91C580D5B003F08E8 /* FannyTests */,
				843292B11C580D5B003F08E8 /* Products */,
			);
			sourceTree = "<group>";
		};
		843292B11C580D5B003F08E8 /* Products */ = {
			isa = PBXGroup;
			children = (
				843292B01C580D5B003F08E8 /* Fanny.app */,
				843292C61C580D5B003F08E8 /* Fanny.xctest */,
				843292D11C580D5B003F08E8 /* Fanny.xctest */,
				843292E71C580D78003F08E8 /* Fanny.appex */,
			);
			name = Products;
			sourceTree = "<group>";
		};
		843292B21C580D5B003F08E8 /* Fanny */ = {
			isa = PBXGroup;
			children = (
				843292B31C580D5B003F08E8 /* AppDelegate.h */,
				843292B41C580D5B003F08E8 /* AppDelegate.m */,
				843292B91C580D5B003F08E8 /* ViewController.h */,
				843292BA1C580D5B003F08E8 /* ViewController.m */,
				843292BC1C580D5B003F08E8 /* Assets.xcassets */,
				843292BE1C580D5B003F08E8 /* Main.storyboard */,
				843292C11C580D5B003F08E8 /* Info.plist */,
				843292B61C580D5B003F08E8 /* Supporting Files */,
			);
			path = Fanny;
			sourceTree = "<group>";
		};
		843292B61C580D5B003F08E8 /* Supporting Files */ = {
			isa = PBXGroup;
			children = (
				843293071C581DF7003F08E8 /* Fanny.entitlements */,
				8466115C1C5B0B09002B54EA /* icon1024.png */,
				84A5CC891C7BF9CD003ED24A /* fanIcon.png */,
				843292B71C580D5B003F08E8 /* main.m */,
			);
			name = "Supporting Files";
			sourceTree = "<group>";
		};
		843292C91C580D5B003F08E8 /* FannyTests */ = {
			isa = PBXGroup;
			children = (
				843292CA1C580D5B003F08E8 /* TempAndFanMonitorTests.m */,
				843292CC1C580D5B003F08E8 /* Info.plist */,
			);
			path = FannyTests;
			sourceTree = "<group>";
		};
		843292D41C580D5B003F08E8 /* FannyUITests */ = {
			isa = PBXGroup;
			children = (
				843292D51C580D5B003F08E8 /* TempAndFanMonitorUITests.m */,
				843292D71C580D5C003F08E8 /* Info.plist */,
			);
			path = FannyUITests;
			sourceTree = "<group>";
		};
		843292E81C580D78003F08E8 /* Frameworks */ = {
			isa = PBXGroup;
			children = (
				843292E91C580D78003F08E8 /* NotificationCenter.framework */,
			);
			name = Frameworks;
			sourceTree = "<group>";
		};
		843292EB1C580D78003F08E8 /* FannyWidget */ = {
			isa = PBXGroup;
			children = (
				843292EE1C580D78003F08E8 /* TodayViewController.h */,
				843292EF1C580D78003F08E8 /* TodayViewController.m */,
				843292F11C580D78003F08E8 /* TodayViewController.xib */,
				843292F41C580D78003F08E8 /* Info.plist */,
				843292F51C580D78003F08E8 /* InfoPlist.strings */,
				843292EC1C580D78003F08E8 /* Supporting Files */,
			);
			path = FannyWidget;
			sourceTree = "<group>";
		};
		843292EC1C580D78003F08E8 /* Supporting Files */ = {
			isa = PBXGroup;
			children = (
				843292ED1C580D78003F08E8 /* FannyWidget.entitlements */,
			);
			name = "Supporting Files";
			sourceTree = "<group>";
		};
		843292FF1C580DE0003F08E8 /* SMCWrapper */ = {
			isa = PBXGroup;
			children = (
				843293001C580DE0003F08E8 /* smc.h */,
				843293011C580DE0003F08E8 /* SMCWrapper.h */,
				843293021C580DE0003F08E8 /* SMCWrapper.m */,
			);
			path = SMCWrapper;
			sourceTree = "<group>";
		};
/* End PBXGroup section */

/* Begin PBXNativeTarget section */
		843292AF1C580D5B003F08E8 /* Fanny */ = {
			isa = PBXNativeTarget;
			buildConfigurationList = 843292DA1C580D5C003F08E8 /* Build configuration list for PBXNativeTarget "Fanny" */;
			buildPhases = (
				843292AC1C580D5B003F08E8 /* Sources */,
				843292AD1C580D5B003F08E8 /* Frameworks */,
				843292AE1C580D5B003F08E8 /* Resources */,
				843292FE1C580D78003F08E8 /* Embed App Extensions */,
			);
			buildRules = (
			);
			dependencies = (
				843292F91C580D78003F08E8 /* PBXTargetDependency */,
			);
			name = Fanny;
			productName = TempAndFanMonitor;
			productReference = 843292B01C580D5B003F08E8 /* Fanny.app */;
			productType = "com.apple.product-type.application";
		};
		843292C51C580D5B003F08E8 /* FannyTests */ = {
			isa = PBXNativeTarget;
			buildConfigurationList = 843292DD1C580D5C003F08E8 /* Build configuration list for PBXNativeTarget "FannyTests" */;
			buildPhases = (
				843292C21C580D5B003F08E8 /* Sources */,
				843292C31C580D5B003F08E8 /* Frameworks */,
				843292C41C580D5B003F08E8 /* Resources */,
			);
			buildRules = (
			);
			dependencies = (
				843292C81C580D5B003F08E8 /* PBXTargetDependency */,
			);
			name = FannyTests;
			productName = TempAndFanMonitorTests;
			productReference = 843292C61C580D5B003F08E8 /* Fanny.xctest */;
			productType = "com.apple.product-type.bundle.unit-test";
		};
		843292D01C580D5B003F08E8 /* FannyUITests */ = {
			isa = PBXNativeTarget;
			buildConfigurationList = 843292E01C580D5C003F08E8 /* Build configuration list for PBXNativeTarget "FannyUITests" */;
			buildPhases = (
				843292CD1C580D5B003F08E8 /* Sources */,
				843292CE1C580D5B003F08E8 /* Frameworks */,
				843292CF1C580D5B003F08E8 /* Resources */,
			);
			buildRules = (
			);
			dependencies = (
				843292D31C580D5B003F08E8 /* PBXTargetDependency */,
			);
			name = FannyUITests;
			productName = TempAndFanMonitorUITests;
			productReference = 843292D11C580D5B003F08E8 /* Fanny.xctest */;
			productType = "com.apple.product-type.bundle.ui-testing";
		};
		843292E61C580D78003F08E8 /* FannyWidget */ = {
			isa = PBXNativeTarget;
			buildConfigurationList = 843292FB1C580D78003F08E8 /* Build configuration list for PBXNativeTarget "FannyWidget" */;
			buildPhases = (
				843292E31C580D78003F08E8 /* Sources */,
				843292E41C580D78003F08E8 /* Frameworks */,
				843292E51C580D78003F08E8 /* Resources */,
			);
			buildRules = (
			);
			dependencies = (
			);
			name = FannyWidget;
			productName = TempAndFanMonitorWidget;
			productReference = 843292E71C580D78003F08E8 /* Fanny.appex */;
			productType = "com.apple.product-type.app-extension";
		};
/* End PBXNativeTarget section */

/* Begin PBXProject section */
		843292A81C580D5B003F08E8 /* Project object */ = {
			isa = PBXProject;
			attributes = {
				LastUpgradeCheck = 0720;
				ORGANIZATIONNAME = "Daniel Storm";
				TargetAttributes = {
					843292AF1C580D5B003F08E8 = {
						CreatedOnToolsVersion = 7.2;
						DevelopmentTeam = E5BK5K7RRN;
						SystemCapabilities = {
							com.apple.ApplicationGroups.Mac = {
								enabled = 1;
							};
							com.apple.Sandbox = {
								enabled = 0;
							};
						};
					};
					843292C51C580D5B003F08E8 = {
						CreatedOnToolsVersion = 7.2;
						TestTargetID = 843292AF1C580D5B003F08E8;
					};
					843292D01C580D5B003F08E8 = {
						CreatedOnToolsVersion = 7.2;
						TestTargetID = 843292AF1C580D5B003F08E8;
					};
					843292E61C580D78003F08E8 = {
						CreatedOnToolsVersion = 7.2;
						DevelopmentTeam = E5BK5K7RRN;
						SystemCapabilities = {
							com.apple.ApplicationGroups.Mac = {
								enabled = 1;
							};
							com.apple.Sandbox = {
								enabled = 1;
							};
						};
					};
				};
			};
			buildConfigurationList = 843292AB1C580D5B003F08E8 /* Build configuration list for PBXProject "Fanny" */;
			compatibilityVersion = "Xcode 3.2";
			developmentRegion = English;
			hasScannedForEncodings = 0;
			knownRegions = (
				en,
				Base,
			);
			mainGroup = 843292A71C580D5B003F08E8;
			productRefGroup = 843292B11C580D5B003F08E8 /* Products */;
			projectDirPath = "";
			projectRoot = "";
			targets = (
				843292AF1C580D5B003F08E8 /* Fanny */,
				843292C51C580D5B003F08E8 /* FannyTests */,
				843292D01C580D5B003F08E8 /* FannyUITests */,
				843292E61C580D78003F08E8 /* FannyWidget */,
			);
		};
/* End PBXProject section */

/* Begin PBXResourcesBuildPhase section */
		843292AE1C580D5B003F08E8 /* Resources */ = {
			isa = PBXResourcesBuildPhase;
			buildActionMask = 2147483647;
			files = (
				84A5CC8A1C7BF9CD003ED24A /* fanIcon.png in Resources */,
				843292BD1C580D5B003F08E8 /* Assets.xcassets in Resources */,
				8466115D1C5B0B09002B54EA /* icon1024.png in Resources */,
				843292C01C580D5B003F08E8 /* Main.storyboard in Resources */,
			);
			runOnlyForDeploymentPostprocessing = 0;
		};
		843292C41C580D5B003F08E8 /* Resources */ = {
			isa = PBXResourcesBuildPhase;
			buildActionMask = 2147483647;
			files = (
			);
			runOnlyForDeploymentPostprocessing = 0;
		};
		843292CF1C580D5B003F08E8 /* Resources */ = {
			isa = PBXResourcesBuildPhase;
			buildActionMask = 2147483647;
			files = (
			);
			runOnlyForDeploymentPostprocessing = 0;
		};
		843292E51C580D78003F08E8 /* Resources */ = {
			isa = PBXResourcesBuildPhase;
			buildActionMask = 2147483647;
			files = (
				843292F31C580D78003F08E8 /* TodayViewController.xib in Resources */,
				843292F71C580D78003F08E8 /* InfoPlist.strings in Resources */,
			);
			runOnlyForDeploymentPostprocessing = 0;
		};
/* End PBXResourcesBuildPhase section */

/* Begin PBXSourcesBuildPhase section */
		843292AC1C580D5B003F08E8 /* Sources */ = {
			isa = PBXSourcesBuildPhase;
			buildActionMask = 2147483647;
			files = (
				843292BB1C580D5B003F08E8 /* ViewController.m in Sources */,
				843292B81C580D5B003F08E8 /* main.m in Sources */,
				843292B51C580D5B003F08E8 /* AppDelegate.m in Sources */,
				843293031C580DE0003F08E8 /* SMCWrapper.m in Sources */,
			);
			runOnlyForDeploymentPostprocessing = 0;
		};
		843292C21C580D5B003F08E8 /* Sources */ = {
			isa = PBXSourcesBuildPhase;
			buildActionMask = 2147483647;
			files = (
				843292CB1C580D5B003F08E8 /* TempAndFanMonitorTests.m in Sources */,
			);
			runOnlyForDeploymentPostprocessing = 0;
		};
		843292CD1C580D5B003F08E8 /* Sources */ = {
			isa = PBXSourcesBuildPhase;
			buildActionMask = 2147483647;
			files = (
				843292D61C580D5B003F08E8 /* TempAndFanMonitorUITests.m in Sources */,
			);
			runOnlyForDeploymentPostprocessing = 0;
		};
		843292E31C580D78003F08E8 /* Sources */ = {
			isa = PBXSourcesBuildPhase;
			buildActionMask = 2147483647;
			files = (
				843292F01C580D78003F08E8 /* TodayViewController.m in Sources */,
				843293041C580DE0003F08E8 /* SMCWrapper.m in Sources */,
			);
			runOnlyForDeploymentPostprocessing = 0;
		};
/* End PBXSourcesBuildPhase section */

/* Begin PBXTargetDependency section */
		843292C81C580D5B003F08E8 /* PBXTargetDependency */ = {
			isa = PBXTargetDependency;
			target = 843292AF1C580D5B003F08E8 /* Fanny */;
			targetProxy = 843292C71C580D5B003F08E8 /* PBXContainerItemProxy */;
		};
		843292D31C580D5B003F08E8 /* PBXTargetDependency */ = {
			isa = PBXTargetDependency;
			target = 843292AF1C580D5B003F08E8 /* Fanny */;
			targetProxy = 843292D21C580D5B003F08E8 /* PBXContainerItemProxy */;
		};
		843292F91C580D78003F08E8 /* PBXTargetDependency */ = {
			isa = PBXTargetDependency;
			target = 843292E61C580D78003F08E8 /* FannyWidget */;
			targetProxy = 843292F81C580D78003F08E8 /* PBXContainerItemProxy */;
		};
/* End PBXTargetDependency section */

/* Begin PBXVariantGroup section */
		843292BE1C580D5B003F08E8 /* Main.storyboard */ = {
			isa = PBXVariantGroup;
			children = (
				843292BF1C580D5B003F08E8 /* Base */,
			);
			name = Main.storyboard;
			sourceTree = "<group>";
		};
		843292F11C580D78003F08E8 /* TodayViewController.xib */ = {
			isa = PBXVariantGroup;
			children = (
				843292F21C580D78003F08E8 /* Base */,
			);
			name = TodayViewController.xib;
			sourceTree = "<group>";
		};
		843292F51C580D78003F08E8 /* InfoPlist.strings */ = {
			isa = PBXVariantGroup;
			children = (
				843292F61C580D78003F08E8 /* en */,
			);
			name = InfoPlist.strings;
			sourceTree = "<group>";
		};
/* End PBXVariantGroup section */

/* Begin XCBuildConfiguration section */
		843292D81C580D5C003F08E8 /* Debug */ = {
			isa = XCBuildConfiguration;
			buildSettings = {
				ALWAYS_SEARCH_USER_PATHS = NO;
				CLANG_CXX_LANGUAGE_STANDARD = "gnu++0x";
				CLANG_CXX_LIBRARY = "libc++";
				CLANG_ENABLE_MODULES = YES;
				CLANG_ENABLE_OBJC_ARC = YES;
				CLANG_WARN_BOOL_CONVERSION = YES;
				CLANG_WARN_CONSTANT_CONVERSION = YES;
				CLANG_WARN_DIRECT_OBJC_ISA_USAGE = YES_ERROR;
				CLANG_WARN_EMPTY_BODY = YES;
				CLANG_WARN_ENUM_CONVERSION = YES;
				CLANG_WARN_INT_CONVERSION = YES;
				CLANG_WARN_OBJC_ROOT_CLASS = YES_ERROR;
				CLANG_WARN_UNREACHABLE_CODE = YES;
				CLANG_WARN__DUPLICATE_METHOD_MATCH = YES;
				CODE_SIGN_IDENTITY = "-";
				COPY_PHASE_STRIP = NO;
				DEBUG_INFORMATION_FORMAT = dwarf;
				ENABLE_STRICT_OBJC_MSGSEND = YES;
				ENABLE_TESTABILITY = YES;
				GCC_C_LANGUAGE_STANDARD = gnu99;
				GCC_DYNAMIC_NO_PIC = NO;
				GCC_NO_COMMON_BLOCKS = YES;
				GCC_OPTIMIZATION_LEVEL = 0;
				GCC_PREPROCESSOR_DEFINITIONS = (
					"DEBUG=1",
					"$(inherited)",
				);
				GCC_WARN_64_TO_32_BIT_CONVERSION = YES;
				GCC_WARN_ABOUT_RETURN_TYPE = YES_ERROR;
				GCC_WARN_UNDECLARED_SELECTOR = YES;
				GCC_WARN_UNINITIALIZED_AUTOS = YES_AGGRESSIVE;
				GCC_WARN_UNUSED_FUNCTION = YES;
				GCC_WARN_UNUSED_VARIABLE = YES;
				MACOSX_DEPLOYMENT_TARGET = 10.11;
				MTL_ENABLE_DEBUG_INFO = YES;
				ONLY_ACTIVE_ARCH = YES;
				SDKROOT = macosx;
			};
			name = Debug;
		};
		843292D91C580D5C003F08E8 /* Release */ = {
			isa = XCBuildConfiguration;
			buildSettings = {
				ALWAYS_SEARCH_USER_PATHS = NO;
				CLANG_CXX_LANGUAGE_STANDARD = "gnu++0x";
				CLANG_CXX_LIBRARY = "libc++";
				CLANG_ENABLE_MODULES = YES;
				CLANG_ENABLE_OBJC_ARC = YES;
				CLANG_WARN_BOOL_CONVERSION = YES;
				CLANG_WARN_CONSTANT_CONVERSION = YES;
				CLANG_WARN_DIRECT_OBJC_ISA_USAGE = YES_ERROR;
				CLANG_WARN_EMPTY_BODY = YES;
				CLANG_WARN_ENUM_CONVERSION = YES;
				CLANG_WARN_INT_CONVERSION = YES;
				CLANG_WARN_OBJC_ROOT_CLASS = YES_ERROR;
				CLANG_WARN_UNREACHABLE_CODE = YES;
				CLANG_WARN__DUPLICATE_METHOD_MATCH = YES;
				CODE_SIGN_IDENTITY = "-";
				COPY_PHASE_STRIP = NO;
				DEBUG_INFORMATION_FORMAT = "dwarf-with-dsym";
				ENABLE_NS_ASSERTIONS = NO;
				ENABLE_STRICT_OBJC_MSGSEND = YES;
				GCC_C_LANGUAGE_STANDARD = gnu99;
				GCC_NO_COMMON_BLOCKS = YES;
				GCC_WARN_64_TO_32_BIT_CONVERSION = YES;
				GCC_WARN_ABOUT_RETURN_TYPE = YES_ERROR;
				GCC_WARN_UNDECLARED_SELECTOR = YES;
				GCC_WARN_UNINITIALIZED_AUTOS = YES_AGGRESSIVE;
				GCC_WARN_UNUSED_FUNCTION = YES;
				GCC_WARN_UNUSED_VARIABLE = YES;
				MACOSX_DEPLOYMENT_TARGET = 10.11;
				MTL_ENABLE_DEBUG_INFO = NO;
				SDKROOT = macosx;
			};
			name = Release;
		};
		843292DB1C580D5C003F08E8 /* Debug */ = {
			isa = XCBuildConfiguration;
			buildSettings = {
				ASSETCATALOG_COMPILER_APPICON_NAME = AppIcon;
				CODE_SIGN_ENTITLEMENTS = Fanny/Fanny.entitlements;
				CODE_SIGN_IDENTITY = "Developer ID Application: Daniel Storm (E5BK5K7RRN)";
				COMBINE_HIDPI_IMAGES = YES;
				INFOPLIST_FILE = Fanny/Info.plist;
				LD_RUNPATH_SEARCH_PATHS = "$(inherited) @executable_path/../Frameworks";
				MACOSX_DEPLOYMENT_TARGET = 10.10;
				PRODUCT_BUNDLE_IDENTIFIER = com.DanielStorm.Fanny;
				PRODUCT_NAME = Fanny;
				PROVISIONING_PROFILE = "";
			};
			name = Debug;
		};
		843292DC1C580D5C003F08E8 /* Release */ = {
			isa = XCBuildConfiguration;
			buildSettings = {
				ASSETCATALOG_COMPILER_APPICON_NAME = AppIcon;
				CODE_SIGN_ENTITLEMENTS = Fanny/Fanny.entitlements;
				CODE_SIGN_IDENTITY = "Developer ID Application: Daniel Storm (E5BK5K7RRN)";
				COMBINE_HIDPI_IMAGES = YES;
				INFOPLIST_FILE = Fanny/Info.plist;
				LD_RUNPATH_SEARCH_PATHS = "$(inherited) @executable_path/../Frameworks";
				MACOSX_DEPLOYMENT_TARGET = 10.10;
				PRODUCT_BUNDLE_IDENTIFIER = com.DanielStorm.Fanny;
				PRODUCT_NAME = Fanny;
				PROVISIONING_PROFILE = "";
			};
			name = Release;
		};
		843292DE1C580D5C003F08E8 /* Debug */ = {
			isa = XCBuildConfiguration;
			buildSettings = {
				BUNDLE_LOADER = "$(TEST_HOST)";
				COMBINE_HIDPI_IMAGES = YES;
				INFOPLIST_FILE = TempAndFanMonitorTests/Info.plist;
				LD_RUNPATH_SEARCH_PATHS = "$(inherited) @executable_path/../Frameworks @loader_path/../Frameworks";
				PRODUCT_BUNDLE_IDENTIFIER = com.DanielStorm.TempAndFanMonitorTests;
				PRODUCT_NAME = Fanny;
				TEST_HOST = "$(BUILT_PRODUCTS_DIR)/Fanny.app/Contents/MacOS/Fanny";
			};
			name = Debug;
		};
		843292DF1C580D5C003F08E8 /* Release */ = {
			isa = XCBuildConfiguration;
			buildSettings = {
				BUNDLE_LOADER = "$(TEST_HOST)";
				COMBINE_HIDPI_IMAGES = YES;
				INFOPLIST_FILE = TempAndFanMonitorTests/Info.plist;
				LD_RUNPATH_SEARCH_PATHS = "$(inherited) @executable_path/../Frameworks @loader_path/../Frameworks";
				PRODUCT_BUNDLE_IDENTIFIER = com.DanielStorm.TempAndFanMonitorTests;
				PRODUCT_NAME = Fanny;
				TEST_HOST = "$(BUILT_PRODUCTS_DIR)/Fanny.app/Contents/MacOS/Fanny";
			};
			name = Release;
		};
		843292E11C580D5C003F08E8 /* Debug */ = {
			isa = XCBuildConfiguration;
			buildSettings = {
				COMBINE_HIDPI_IMAGES = YES;
				INFOPLIST_FILE = TempAndFanMonitorUITests/Info.plist;
				LD_RUNPATH_SEARCH_PATHS = "$(inherited) @executable_path/../Frameworks @loader_path/../Frameworks";
				PRODUCT_BUNDLE_IDENTIFIER = com.DanielStorm.TempAndFanMonitorUITests;
				PRODUCT_NAME = Fanny;
				TEST_TARGET_NAME = TempAndFanMonitor;
				USES_XCTRUNNER = YES;
			};
			name = Debug;
		};
		843292E21C580D5C003F08E8 /* Release */ = {
			isa = XCBuildConfiguration;
			buildSettings = {
				COMBINE_HIDPI_IMAGES = YES;
				INFOPLIST_FILE = TempAndFanMonitorUITests/Info.plist;
				LD_RUNPATH_SEARCH_PATHS = "$(inherited) @executable_path/../Frameworks @loader_path/../Frameworks";
				PRODUCT_BUNDLE_IDENTIFIER = com.DanielStorm.TempAndFanMonitorUITests;
				PRODUCT_NAME = Fanny;
				TEST_TARGET_NAME = TempAndFanMonitor;
				USES_XCTRUNNER = YES;
			};
			name = Release;
		};
		843292FC1C580D78003F08E8 /* Debug */ = {
			isa = XCBuildConfiguration;
			buildSettings = {
				CODE_SIGN_ENTITLEMENTS = FannyWidget/FannyWidget.entitlements;
				CODE_SIGN_IDENTITY = "Developer ID Application: Daniel Storm (E5BK5K7RRN)";
				COMBINE_HIDPI_IMAGES = YES;
				INFOPLIST_FILE = FannyWidget/Info.plist;
				LD_RUNPATH_SEARCH_PATHS = "$(inherited) @executable_path/../Frameworks @executable_path/../../../../Frameworks";
				MACOSX_DEPLOYMENT_TARGET = 10.10;
				PRODUCT_BUNDLE_IDENTIFIER = com.DanielStorm.Fanny.FannyWidget;
				PRODUCT_NAME = Fanny;
				PROVISIONING_PROFILE = "";
				SKIP_INSTALL = YES;
			};
			name = Debug;
		};
		843292FD1C580D78003F08E8 /* Release */ = {
			isa = XCBuildConfiguration;
			buildSettings = {
				CODE_SIGN_ENTITLEMENTS = FannyWidget/FannyWidget.entitlements;
				CODE_SIGN_IDENTITY = "Developer ID Application: Daniel Storm (E5BK5K7RRN)";
				COMBINE_HIDPI_IMAGES = YES;
				INFOPLIST_FILE = FannyWidget/Info.plist;
				LD_RUNPATH_SEARCH_PATHS = "$(inherited) @executable_path/../Frameworks @executable_path/../../../../Frameworks";
				MACOSX_DEPLOYMENT_TARGET = 10.10;
				PRODUCT_BUNDLE_IDENTIFIER = com.DanielStorm.Fanny.FannyWidget;
				PRODUCT_NAME = Fanny;
				PROVISIONING_PROFILE = "";
				SKIP_INSTALL = YES;
			};
			name = Release;
		};
/* End XCBuildConfiguration section */

/* Begin XCConfigurationList section */
		843292AB1C580D5B003F08E8 /* Build configuration list for PBXProject "Fanny" */ = {
			isa = XCConfigurationList;
			buildConfigurations = (
				843292D81C580D5C003F08E8 /* Debug */,
				843292D91C580D5C003F08E8 /* Release */,
			);
			defaultConfigurationIsVisible = 0;
			defaultConfigurationName = Release;
		};
		843292DA1C580D5C003F08E8 /* Build configuration list for PBXNativeTarget "Fanny" */ = {
			isa = XCConfigurationList;
			buildConfigurations = (
				843292DB1C580D5C003F08E8 /* Debug */,
				843292DC1C580D5C003F08E8 /* Release */,
			);
			defaultConfigurationIsVisible = 0;
			defaultConfigurationName = Release;
		};
		843292DD1C580D5C003F08E8 /* Build configuration list for PBXNativeTarget "FannyTests" */ = {
			isa = XCConfigurationList;
			buildConfigurations = (
				843292DE1C580D5C003F08E8 /* Debug */,
				843292DF1C580D5C003F08E8 /* Release */,
			);
			defaultConfigurationIsVisible = 0;
			defaultConfigurationName = Release;
		};
		843292E01C580D5C003F08E8 /* Build configuration list for PBXNativeTarget "FannyUITests" */ = {
			isa = XCConfigurationList;
			buildConfigurations = (
				843292E11C580D5C003F08E8 /* Debug */,
				843292E21C580D5C003F08E8 /* Release */,
			);
			defaultConfigurationIsVisible = 0;
			defaultConfigurationName = Release;
		};
		843292FB1C580D78003F08E8 /* Build configuration list for PBXNativeTarget "FannyWidget" */ = {
			isa = XCConfigurationList;
			buildConfigurations = (
				843292FC1C580D78003F08E8 /* Debug */,
				843292FD1C580D78003F08E8 /* Release */,
			);
			defaultConfigurationIsVisible = 0;
			defaultConfigurationName = Release;
		};
/* End XCConfigurationList section */
	};
	rootObject = 843292A81C580D5B003F08E8 /* Project object */;
}
